
Microsoft Visual Studio Solution File, Format Version 12.00
Project("{F2A71F9B-5D33-465A-A702-920D77279786}") = "Fsgo", "Fsgo\Fsgo.fsproj", "{6ABAF12A-1D64-492E-A9CF-26E67AA6F975}"
EndProject
Project("{F2A71F9B-5D33-465A-A702-920D77279786}") = "FrontEnd", "FrontEnd\FrontEnd.fsproj", "{8C9024F7-87C0-4505-810D-FBD5F56D8998}"
EndProject
Project("{F2A71F9B-5D33-465A-A702-920D77279786}") = "Lang", "Lang\Lang.fsproj", "{DF9B692B-05A9-4EE3-9463-FA0AE097B11B}"
EndProject
Project("{F2A71F9B-5D33-465A-A702-920D77279786}") = "FrontEnd.Test", "FrontEnd.Test\FrontEnd.Test.fsproj", "{BCC9D24C-CB45-4C21-B1A8-F93225D02E9B}"
EndProject
Global
	GlobalSection(SolutionConfigurationPlatforms) = preSolution
		Debug|Any CPU = Debug|Any CPU
		Release|Any CPU = Release|Any CPU
	EndGlobalSection
	GlobalSection(ProjectConfigurationPlatforms) = postSolution
		{6ABAF12A-1D64-492E-A9CF-26E67AA6F975}.Debug|Any CPU.ActiveCfg = Debug|Any CPU
		{6ABAF12A-1D64-492E-A9CF-26E67AA6F975}.Debug|Any CPU.Build.0 = Debug|Any CPU
		{6ABAF12A-1D64-492E-A9CF-26E67AA6F975}.Release|Any CPU.ActiveCfg = Release|Any CPU
		{6ABAF12A-1D64-492E-A9CF-26E67AA6F975}.Release|Any CPU.Build.0 = Release|Any CPU
		{8C9024F7-87C0-4505-810D-FBD5F56D8998}.Debug|Any CPU.ActiveCfg = Debug|Any CPU
		{8C9024F7-87C0-4505-810D-FBD5F56D8998}.Debug|Any CPU.Build.0 = Debug|Any CPU
		{8C9024F7-87C0-4505-810D-FBD5F56D8998}.Release|Any CPU.ActiveCfg = Release|Any CPU
		{8C9024F7-87C0-4505-810D-FBD5F56D8998}.Release|Any CPU.Build.0 = Release|Any CPU
		{DF9B692B-05A9-4EE3-9463-FA0AE097B11B}.Debug|Any CPU.ActiveCfg = Debug|Any CPU
		{DF9B692B-05A9-4EE3-9463-FA0AE097B11B}.Debug|Any CPU.Build.0 = Debug|Any CPU
		{DF9B692B-05A9-4EE3-9463-FA0AE097B11B}.Release|Any CPU.ActiveCfg = Release|Any CPU
		{DF9B692B-05A9-4EE3-9463-FA0AE097B11B}.Release|Any CPU.Build.0 = Release|Any CPU
		{BCC9D24C-CB45-4C21-B1A8-F93225D02E9B}.Debug|Any CPU.ActiveCfg = Debug|Any CPU
		{BCC9D24C-CB45-4C21-B1A8-F93225D02E9B}.Debug|Any CPU.Build.0 = Debug|Any CPU
		{BCC9D24C-CB45-4C21-B1A8-F93225D02E9B}.Release|Any CPU.ActiveCfg = Release|Any CPU
		{BCC9D24C-CB45-4C21-B1A8-F93225D02E9B}.Release|Any CPU.Build.0 = Release|Any CPU
	EndGlobalSection
EndGlobal
